
Microsoft Visual Studio Solution File, Format Version 12.00
# Visual Studio Version 17
VisualStudioVersion = 17.14.37411.7 d17.14
MinimumVisualStudioVersion = 10.0.40219.1
Project("{FAE04EC0-301F-11D3-BF4B-00C04F79EFBC}") = "EmployeeManagementSystem", "EmployeeManagementSystem\EmployeeManagementSystem.csproj", "{947BE130-187C-4D08-A1E3-6E9DC6B5C4D3}"
EndProject
Global
	GlobalSection(SolutionConfigurationPlatforms) = preSolution
		Debug|Any CPU = Debug|Any CPU
		Release|Any CPU = Release|Any CPU
	EndGlobalSection
	GlobalSection(ProjectConfigurationPlatforms) = postSolution
		{947BE130-187C-4D08-A1E3-6E9DC6B5C4D3}.Debug|Any CPU.ActiveCfg = Debug|Any CPU
		{947BE130-187C-4D08-A1E3-6E9DC6B5C4D3}.Debug|Any CPU.Build.0 = Debug|Any CPU
		{947BE130-187C-4D08-A1E3-6E9DC6B5C4D3}.Release|Any CPU.ActiveCfg = Release|Any CPU
		{947BE130-187C-4D08-A1E3-6E9DC6B5C4D3}.Release|Any CPU.Build.0 = Release|Any CPU
	EndGlobalSection
	GlobalSection(SolutionProperties) = preSolution
		HideSolutionNode = FALSE
	EndGlobalSection
	GlobalSection(ExtensibilityGlobals) = postSolution
		SolutionGuid = {55F3C4F7-229A-4DE9-9E80-FB1BB9DCDBAF}
	EndGlobalSection
EndGlobal
